// !$*UTF8*$!
{
	archiveVersion = 1;
	classes = {
	};
	objectVersion = 50;
	objects = {

/* Begin PBXBuildFile section */
		3FC021F625FF739A005D85B0 /* AppDelegate.m in Sources */ = {isa = PBXBuildFile; fileRef = 3FC021F525FF739A005D85B0 /* AppDelegate.m */; };
		3FC021F925FF739A005D85B0 /* SceneDelegate.m in Sources */ = {isa = PBXBuildFile; fileRef = 3FC021F825FF739A005D85B0 /* SceneDelegate.m */; };
		3FC021FC25FF739A005D85B0 /* ViewController.m in Sources */ = {isa = PBXBuildFile; fileRef = 3FC021FB25FF739A005D85B0 /* ViewController.m */; };
		3FC021FF25FF739A005D85B0 /* Main.storyboard in Resources */ = {isa = PBXBuildFile; fileRef = 3FC021FD25FF739A005D85B0 /* Main.storyboard */; };
		3FC0220125FF739B005D85B0 /* Assets.xcassets in Resources */ = {isa = PBXBuildFile; fileRef = 3FC0220025FF739B005D85B0 /* Assets.xcassets */; };
		3FC0220425FF739B005D85B0 /* LaunchScreen.storyboard in Resources */ = {isa = PBXBuildFile; fileRef = 3FC0220225FF739B005D85B0 /* LaunchScreen.storyboard */; };
		3FC0220725FF739B005D85B0 /* main.m in Sources */ = {isa = PBXBuildFile; fileRef = 3FC0220625FF739B005D85B0 /* main.m */; };
		3FC0221125FF739B005D85B0 /* MTUIScrollViewTests.m in Sources */ = {isa = PBXBuildFile; fileRef = 3FC0221025FF739B005D85B0 /* MTUIScrollViewTests.m */; };
		3FC0221C25FF739B005D85B0 /* MTUIScrollViewUITests.m in Sources */ = {isa = PBXBuildFile; fileRef = 3FC0221B25FF739B005D85B0 /* MTUIScrollViewUITests.m */; };
		3FC0231225FF7DE7005D85B0 /* MMCScrollView.m in Sources */ = {isa = PBXBuildFile; fileRef = 3FC0231125FF7DE7005D85B0 /* MMCScrollView.m */; };
		3FC0232425FF80C0005D85B0 /* 8.jpg in Resources */ = {isa = PBXBuildFile; fileRef = 3FC0231A25FF80C0005D85B0 /* 8.jpg */; };
		3FC0232525FF80C0005D85B0 /* 9.jpg in Resources */ = {isa = PBXBuildFile; fileRef = 3FC0231B25FF80C0005D85B0 /* 9.jpg */; };
		3FC0232625FF80C0005D85B0 /* 4.jpg in Resources */ = {isa = PBXBuildFile; fileRef = 3FC0231C25FF80C0005D85B0 /* 4.jpg */; };
		3FC0232725FF80C0005D85B0 /* 5.jpg in Resources */ = {isa = PBXBuildFile; fileRef = 3FC0231D25FF80C0005D85B0 /* 5.jpg */; };
		3FC0232825FF80C0005D85B0 /* 7.jpg in Resources */ = {isa = PBXBuildFile; fileRef = 3FC0231E25FF80C0005D85B0 /* 7.jpg */; };
		3FC0232925FF80C0005D85B0 /* 6.jpg in Resources */ = {isa = PBXBuildFile; fileRef = 3FC0231F25FF80C0005D85B0 /* 6.jpg */; };
		3FC0232A25FF80C0005D85B0 /* 2.jpg in Resources */ = {isa = PBXBuildFile; fileRef = 3FC0232025FF80C0005D85B0 /* 2.jpg */; };
		3FC0232B25FF80C0005D85B0 /* 3.jpg in Resources */ = {isa = PBXBuildFile; fileRef = 3FC0232125FF80C0005D85B0 /* 3.jpg */; };
		3FC0232C25FF80C0005D85B0 /* 1.jpg in Resources */ = {isa = PBXBuildFile; fileRef = 3FC0232225FF80C0005D85B0 /* 1.jpg */; };
		3FC0232D25FF80C0005D85B0 /* 0.jpg in Resources */ = {isa = PBXBuildFile; fileRef = 3FC0232325FF80C0005D85B0 /* 0.jpg */; };
		3FC0233B2600CD85005D85B0 /* MMCDataModel.m in Sources */ = {isa = PBXBuildFile; fileRef = 3FC0233A2600CD85005D85B0 /* MMCDataModel.m */; };
		3FC023452600DC8E005D85B0 /* MMCFuncPublic.m in Sources */ = {isa = PBXBuildFile; fileRef = 3FC023442600DC8E005D85B0 /* MMCFuncPublic.m */; };
		3FC0234D2600DFE4005D85B0 /* scrollView.plist in Resources */ = {isa = PBXBuildFile; fileRef = 3FC0234C2600DFE4005D85B0 /* scrollView.plist */; };
/* End PBXBuildFile section */

/* Begin PBXContainerItemProxy section */
		3FC0220D25FF739B005D85B0 /* PBXContainerItemProxy */ = {
			isa = PBXContainerItemProxy;
			containerPortal = 3FC021E925FF739A005D85B0 /* Project object */;
			proxyType = 1;
			remoteGlobalIDString = 3FC021F025FF739A005D85B0;
			remoteInfo = MTUIScrollView;
		};
		3FC0221825FF739B005D85B0 /* PBXContainerItemProxy */ = {
			isa = PBXContainerItemProxy;
			containerPortal = 3FC021E925FF739A005D85B0 /* Project object */;
			proxyType = 1;
			remoteGlobalIDString = 3FC021F025FF739A005D85B0;
			remoteInfo = MTUIScrollView;
		};
/* End PBXContainerItemProxy section */

/* Begin PBXFileReference section */
		3FC021F125FF739A005D85B0 /* MTUIScrollView.app */ = {isa = PBXFileReference; explicitFileType = wrapper.application; includeInIndex = 0; path = MTUIScrollView.app; sourceTree = BUILT_PRODUCTS_DIR; };
		3FC021F425FF739A005D85B0 /* AppDelegate.h */ = {isa = PBXFileReference; lastKnownFileType = sourcecode.c.h; path = AppDelegate.h; sourceTree = "<group>"; };
		3FC021F525FF739A005D85B0 /* AppDelegate.m */ = {isa = PBXFileReference; lastKnownFileType = sourcecode.c.objc; path = AppDelegate.m; sourceTree = "<group>"; };
		3FC021F725FF739A005D85B0 /* SceneDelegate.h */ = {isa = PBXFileReference; lastKnownFileType = sourcecode.c.h; path = SceneDelegate.h; sourceTree = "<group>"; };
		3FC021F825FF739A005D85B0 /* SceneDelegate.m */ = {isa = PBXFileReference; lastKnownFileType = sourcecode.c.objc; path = SceneDelegate.m; sourceTree = "<group>"; };
		3FC021FA25FF739A005D85B0 /* ViewController.h */ = {isa = PBXFileReference; lastKnownFileType = sourcecode.c.h; path = ViewController.h; sourceTree = "<group>"; };
		3FC021FB25FF739A005D85B0 /* ViewController.m */ = {isa = PBXFileReference; lastKnownFileType = sourcecode.c.objc; path = ViewController.m; sourceTree = "<group>"; };
		3FC021FE25FF739A005D85B0 /* Base */ = {isa = PBXFileReference; lastKnownFileType = file.storyboard; name = Base; path = Base.lproj/Main.storyboard; sourceTree = "<group>"; };
		3FC0220025FF739B005D85B0 /* Assets.xcassets */ = {isa = PBXFileReference; lastKnownFileType = folder.assetcatalog; path = Assets.xcassets; sourceTree = "<group>"; };
		3FC0220325FF739B005D85B0 /* Base */ = {isa = PBXFileReference; lastKnownFileType = file.storyboard; name = Base; path = Base.lproj/LaunchScreen.storyboard; sourceTree = "<group>"; };
		3FC0220525FF739B005D85B0 /* Info.plist */ = {isa = PBXFileReference; lastKnownFileType = text.plist.xml; path = Info.plist; sourceTree = "<group>"; };
		3FC0220625FF739B005D85B0 /* main.m */ = {isa = PBXFileReference; lastKnownFileType = sourcecode.c.objc; path = main.m; sourceTree = "<group>"; };
		3FC0220C25FF739B005D85B0 /* MTUIScrollViewTests.xctest */ = {isa = PBXFileReference; explicitFileType = wrapper.cfbundle; includeInIndex = 0; path = MTUIScrollViewTests.xctest; sourceTree = BUILT_PRODUCTS_DIR; };
		3FC0221025FF739B005D85B0 /* MTUIScrollViewTests.m */ = {isa = PBXFileReference; lastKnownFileType = sourcecode.c.objc; path = MTUIScrollViewTests.m; sourceTree = "<group>"; };
		3FC0221225FF739B005D85B0 /* Info.plist */ = {isa = PBXFileReference; lastKnownFileType = text.plist.xml; path = Info.plist; sourceTree = "<group>"; };
		3FC0221725FF739B005D85B0 /* MTUIScrollViewUITests.xctest */ = {isa = PBXFileReference; explicitFileType = wrapper.cfbundle; includeInIndex = 0; path = MTUIScrollViewUITests.xctest; sourceTree = BUILT_PRODUCTS_DIR; };
		3FC0221B25FF739B005D85B0 /* MTUIScrollViewUITests.m */ = {isa = PBXFileReference; lastKnownFileType = sourcecode.c.objc; path = MTUIScrollViewUITests.m; sourceTree = "<group>"; };
		3FC0221D25FF739B005D85B0 /* Info.plist */ = {isa = PBXFileReference; lastKnownFileType = text.plist.xml; path = Info.plist; sourceTree = "<group>"; };
		3FC0231025FF7DE7005D85B0 /* MMCScrollView.h */ = {isa = PBXFileReference; lastKnownFileType = sourcecode.c.h; path = MMCScrollView.h; sourceTree = "<group>"; };
		3FC0231125FF7DE7005D85B0 /* MMCScrollView.m */ = {isa = PBXFileReference; lastKnownFileType = sourcecode.c.objc; path = MMCScrollView.m; sourceTree = "<group>"; };
		3FC0231A25FF80C0005D85B0 /* 8.jpg */ = {isa = PBXFileReference; lastKnownFileType = image.jpeg; path = 8.jpg; sourceTree = "<group>"; };
		3FC0231B25FF80C0005D85B0 /* 9.jpg */ = {isa = PBXFileReference; lastKnownFileType = image.jpeg; path = 9.jpg; sourceTree = "<group>"; };
		3FC0231C25FF80C0005D85B0 /* 4.jpg */ = {isa = PBXFileReference; lastKnownFileType = image.jpeg; path = 4.jpg; sourceTree = "<group>"; };
		3FC0231D25FF80C0005D85B0 /* 5.jpg */ = {isa = PBXFileReference; lastKnownFileType = image.jpeg; path = 5.jpg; sourceTree = "<group>"; };
		3FC0231E25FF80C0005D85B0 /* 7.jpg */ = {isa = PBXFileReference; lastKnownFileType = image.jpeg; path = 7.jpg; sourceTree = "<group>"; };
		3FC0231F25FF80C0005D85B0 /* 6.jpg */ = {isa = PBXFileReference; lastKnownFileType = image.jpeg; path = 6.jpg; sourceTree = "<group>"; };
		3FC0232025FF80C0005D85B0 /* 2.jpg */ = {isa = PBXFileReference; lastKnownFileType = image.jpeg; path = 2.jpg; sourceTree = "<group>"; };
		3FC0232125FF80C0005D85B0 /* 3.jpg */ = {isa = PBXFileReference; lastKnownFileType = image.jpeg; path = 3.jpg; sourceTree = "<group>"; };
		3FC0232225FF80C0005D85B0 /* 1.jpg */ = {isa = PBXFileReference; lastKnownFileType = image.jpeg; path = 1.jpg; sourceTree = "<group>"; };
		3FC0232325FF80C0005D85B0 /* 0.jpg */ = {isa = PBXFileReference; lastKnownFileType = image.jpeg; path = 0.jpg; sourceTree = "<group>"; };
		3FC023392600CD85005D85B0 /* MMCDataModel.h */ = {isa = PBXFileReference; lastKnownFileType = sourcecode.c.h; path = MMCDataModel.h; sourceTree = "<group>"; };
		3FC0233A2600CD85005D85B0 /* MMCDataModel.m */ = {isa = PBXFileReference; lastKnownFileType = sourcecode.c.objc; path = MMCDataModel.m; sourceTree = "<group>"; };
		3FC023432600DC8E005D85B0 /* MMCFuncPublic.h */ = {isa = PBXFileReference; lastKnownFileType = sourcecode.c.h; path = MMCFuncPublic.h; sourceTree = "<group>"; };
		3FC023442600DC8E005D85B0 /* MMCFuncPublic.m */ = {isa = PBXFileReference; lastKnownFileType = sourcecode.c.objc; path = MMCFuncPublic.m; sourceTree = "<group>"; };
		3FC0234C2600DFE4005D85B0 /* scrollView.plist */ = {isa = PBXFileReference; lastKnownFileType = text.plist.xml; path = scrollView.plist; sourceTree = "<group>"; };
/* End PBXFileReference section */

/* Begin PBXFrameworksBuildPhase section */
		3FC021EE25FF739A005D85B0 /* Frameworks */ = {
			isa = PBXFrameworksBuildPhase;
			buildActionMask = 2147483647;
			files = (
			);
			runOnlyForDeploymentPostprocessing = 0;
		};
		3FC0220925FF739B005D85B0 /* Frameworks */ = {
			isa = PBXFrameworksBuildPhase;
			buildActionMask = 2147483647;
			files = (
			);
			runOnlyForDeploymentPostprocessing = 0;
		};
		3FC0221425FF739B005D85B0 /* Frameworks */ = {
			isa = PBXFrameworksBuildPhase;
			buildActionMask = 2147483647;
			files = (
			);
			runOnlyForDeploymentPostprocessing = 0;
		};
/* End PBXFrameworksBuildPhase section */

/* Begin PBXGroup section */
		3FC021E825FF739A005D85B0 = {
			isa = PBXGroup;
			children = (
				3FC021F325FF739A005D85B0 /* MTUIScrollView */,
				3FC0220F25FF739B005D85B0 /* MTUIScrollViewTests */,
				3FC0221A25FF739B005D85B0 /* MTUIScrollViewUITests */,
				3FC021F225FF739A005D85B0 /* Products */,
			);
			sourceTree = "<group>";
		};
		3FC021F225FF739A005D85B0 /* Products */ = {
			isa = PBXGroup;
			children = (
				3FC021F125FF739A005D85B0 /* MTUIScrollView.app */,
				3FC0220C25FF739B005D85B0 /* MTUIScrollViewTests.xctest */,
				3FC0221725FF739B005D85B0 /* MTUIScrollViewUITests.xctest */,
			);
			name = Products;
			sourceTree = "<group>";
		};
		3FC021F325FF739A005D85B0 /* MTUIScrollView */ = {
			isa = PBXGroup;
			children = (
				3FC021FA25FF739A005D85B0 /* ViewController.h */,
				3FC021FB25FF739A005D85B0 /* ViewController.m */,
				3FC0234C2600DFE4005D85B0 /* scrollView.plist */,
				3FC0231625FF7DF4005D85B0 /* View */,
				3FC023382600CD47005D85B0 /* Model */,
				3FC023422600DC5A005D85B0 /* FuncPublic */,
				3FC0222D25FF73E4005D85B0 /* AppLifeTime */,
				3FC0222C25FF73B1005D85B0 /* Others */,
				3FC0231925FF80C0005D85B0 /* image */,
			);
			path = MTUIScrollView;
			sourceTree = "<group>";
		};
		3FC0220F25FF739B005D85B0 /* MTUIScrollViewTests */ = {
			isa = PBXGroup;
			children = (
				3FC0221025FF739B005D85B0 /* MTUIScrollViewTests.m */,
				3FC0221225FF739B005D85B0 /* Info.plist */,
			);
			path = MTUIScrollViewTests;
			sourceTree = "<group>";
		};
		3FC0221A25FF739B005D85B0 /* MTUIScrollViewUITests */ = {
			isa = PBXGroup;
			children = (
				3FC0221B25FF739B005D85B0 /* MTUIScrollViewUITests.m */,
				3FC0221D25FF739B005D85B0 /* Info.plist */,
			);
			path = MTUIScrollViewUITests;
			sourceTree = "<group>";
		};
		3FC0222C25FF73B1005D85B0 /* Others */ = {
			isa = PBXGroup;
			children = (
				3FC021FD25FF739A005D85B0 /* Main.storyboard */,
				3FC0220025FF739B005D85B0 /* Assets.xcassets */,
				3FC0220225FF739B005D85B0 /* LaunchScreen.storyboard */,
				3FC0220525FF739B005D85B0 /* Info.plist */,
				3FC0220625FF739B005D85B0 /* main.m */,
			);
			name = Others;
			sourceTree = "<group>";
		};
		3FC0222D25FF73E4005D85B0 /* AppLifeTime */ = {
			isa = PBXGroup;
			children = (
				3FC021F425FF739A005D85B0 /* AppDelegate.h */,
				3FC021F525FF739A005D85B0 /* AppDelegate.m */,
				3FC021F725FF739A005D85B0 /* SceneDelegate.h */,
				3FC021F825FF739A005D85B0 /* SceneDelegate.m */,
			);
			name = AppLifeTime;
			sourceTree = "<group>";
		};
		3FC0231625FF7DF4005D85B0 /* View */ = {
			isa = PBXGroup;
			children = (
				3FC0231025FF7DE7005D85B0 /* MMCScrollView.h */,
				3FC0231125FF7DE7005D85B0 /* MMCScrollView.m */,
			);
			name = View;
			sourceTree = "<group>";
		};
		3FC0231925FF80C0005D85B0 /* image */ = {
			isa = PBXGroup;
			children = (
				3FC0231A25FF80C0005D85B0 /* 8.jpg */,
				3FC0231B25FF80C0005D85B0 /* 9.jpg */,
				3FC0231C25FF80C0005D85B0 /* 4.jpg */,
				3FC0231D25FF80C0005D85B0 /* 5.jpg */,
				3FC0231E25FF80C0005D85B0 /* 7.jpg */,
				3FC0231F25FF80C0005D85B0 /* 6.jpg */,
				3FC0232025FF80C0005D85B0 /* 2.jpg */,
				3FC0232125FF80C0005D85B0 /* 3.jpg */,
				3FC0232225FF80C0005D85B0 /* 1.jpg */,
				3FC0232325FF80C0005D85B0 /* 0.jpg */,
			);
			path = image;
			sourceTree = "<group>";
		};
		3FC023382600CD47005D85B0 /* Model */ = {
			isa = PBXGroup;
			children = (
				3FC023392600CD85005D85B0 /* MMCDataModel.h */,
				3FC0233A2600CD85005D85B0 /* MMCDataModel.m */,
			);
			name = Model;
			sourceTree = "<group>";
		};
		3FC023422600DC5A005D85B0 /* FuncPublic */ = {
			isa = PBXGroup;
			children = (
				3FC023432600DC8E005D85B0 /* MMCFuncPublic.h */,
				3FC023442600DC8E005D85B0 /* MMCFuncPublic.m */,
			);
			name = FuncPublic;
			sourceTree = "<group>";
		};
/* End PBXGroup section */

/* Begin PBXNativeTarget section */
		3FC021F025FF739A005D85B0 /* MTUIScrollView */ = {
			isa = PBXNativeTarget;
			buildConfigurationList = 3FC0222025FF739B005D85B0 /* Build configuration list for PBXNativeTarget "MTUIScrollView" */;
			buildPhases = (
				3FC021ED25FF739A005D85B0 /* Sources */,
				3FC021EE25FF739A005D85B0 /* Frameworks */,
				3FC021EF25FF739A005D85B0 /* Resources */,
			);
			buildRules = (
			);
			dependencies = (
			);
			name = MTUIScrollView;
			productName = MTUIScrollView;
			productReference = 3FC021F125FF739A005D85B0 /* MTUIScrollView.app */;
			productType = "com.apple.product-type.application";
		};
		3FC0220B25FF739B005D85B0 /* MTUIScrollViewTests */ = {
			isa = PBXNativeTarget;
			buildConfigurationList = 3FC0222325FF739B005D85B0 /* Build configuration list for PBXNativeTarget "MTUIScrollViewTests" */;
			buildPhases = (
				3FC0220825FF739B005D85B0 /* Sources */,
				3FC0220925FF739B005D85B0 /* Frameworks */,
				3FC0220A25FF739B005D85B0 /* Resources */,
			);
			buildRules = (
			);
			dependencies = (
				3FC0220E25FF739B005D85B0 /* PBXTargetDependency */,
			);
			name = MTUIScrollViewTests;
			productName = MTUIScrollViewTests;
			productReference = 3FC0220C25FF739B005D85B0 /* MTUIScrollViewTests.xctest */;
			productType = "com.apple.product-type.bundle.unit-test";
		};
		3FC0221625FF739B005D85B0 /* MTUIScrollViewUITests */ = {
			isa = PBXNativeTarget;
			buildConfigurationList = 3FC0222625FF739B005D85B0 /* Build configuration list for PBXNativeTarget "MTUIScrollViewUITests" */;
			buildPhases = (
				3FC0221325FF739B005D85B0 /* Sources */,
				3FC0221425FF739B005D85B0 /* Frameworks */,
				3FC0221525FF739B005D85B0 /* Resources */,
			);
			buildRules = (
			);
			dependencies = (
				3FC0221925FF739B005D85B0 /* PBXTargetDependency */,
			);
			name = MTUIScrollViewUITests;
			productName = MTUIScrollViewUITests;
			productReference = 3FC0221725FF739B005D85B0 /* MTUIScrollViewUITests.xctest */;
			productType = "com.apple.product-type.bundle.ui-testing";
		};
/* End PBXNativeTarget section */

/* Begin PBXProject section */
		3FC021E925FF739A005D85B0 /* Project object */ = {
			isa = PBXProject;
			attributes = {
				CLASSPREFIX = MMC;
				LastUpgradeCheck = 1240;
				TargetAttributes = {
					3FC021F025FF739A005D85B0 = {
						CreatedOnToolsVersion = 12.4;
					};
					3FC0220B25FF739B005D85B0 = {
						CreatedOnToolsVersion = 12.4;
						TestTargetID = 3FC021F025FF739A005D85B0;
					};
					3FC0221625FF739B005D85B0 = {
						CreatedOnToolsVersion = 12.4;
						TestTargetID = 3FC021F025FF739A005D85B0;
					};
				};
			};
			buildConfigurationList = 3FC021EC25FF739A005D85B0 /* Build configuration list for PBXProject "MTUIScrollView" */;
			compatibilityVersion = "Xcode 9.3";
			developmentRegion = en;
			hasScannedForEncodings = 0;
			knownRegions = (
				en,
				Base,
			);
			mainGroup = 3FC021E825FF739A005D85B0;
			productRefGroup = 3FC021F225FF739A005D85B0 /* Products */;
			projectDirPath = "";
			projectRoot = "";
			targets = (
				3FC021F025FF739A005D85B0 /* MTUIScrollView */,
				3FC0220B25FF739B005D85B0 /* MTUIScrollViewTests */,
				3FC0221625FF739B005D85B0 /* MTUIScrollViewUITests */,
			);
		};
/* End PBXProject section */

/* Begin PBXResourcesBuildPhase section */
		3FC021EF25FF739A005D85B0 /* Resources */ = {
			isa = PBXResourcesBuildPhase;
			buildActionMask = 2147483647;
			files = (
				3FC0232B25FF80C0005D85B0 /* 3.jpg in Resources */,
				3FC0232925FF80C0005D85B0 /* 6.jpg in Resources */,
				3FC0232625FF80C0005D85B0 /* 4.jpg in Resources */,
				3FC0232A25FF80C0005D85B0 /* 2.jpg in Resources */,
				3FC0232425FF80C0005D85B0 /* 8.jpg in Resources */,
				3FC0220425FF739B005D85B0 /* LaunchScreen.storyboard in Resources */,
				3FC0234D2600DFE4005D85B0 /* scrollView.plist in Resources */,
				3FC0232D25FF80C0005D85B0 /* 0.jpg in Resources */,
				3FC0232825FF80C0005D85B0 /* 7.jpg in Resources */,
				3FC0220125FF739B005D85B0 /* Assets.xcassets in Resources */,
				3FC0232725FF80C0005D85B0 /* 5.jpg in Resources */,
				3FC0232C25FF80C0005D85B0 /* 1.jpg in Resources */,
				3FC0232525FF80C0005D85B0 /* 9.jpg in Resources */,
				3FC021FF25FF739A005D85B0 /* Main.storyboard in Resources */,
			);
			runOnlyForDeploymentPostprocessing = 0;
		};
		3FC0220A25FF739B005D85B0 /* Resources */ = {
			isa = PBXResourcesBuildPhase;
			buildActionMask = 2147483647;
			files = (
			);
			runOnlyForDeploymentPostprocessing = 0;
		};
		3FC0221525FF739B005D85B0 /* Resources */ = {
			isa = PBXResourcesBuildPhase;
			buildActionMask = 2147483647;
			files = (
			);
			runOnlyForDeploymentPostprocessing = 0;
		};
/* End PBXResourcesBuildPhase section */

/* Begin PBXSourcesBuildPhase section */
		3FC021ED25FF739A005D85B0 /* Sources */ = {
			isa = PBXSourcesBuildPhase;
			buildActionMask = 2147483647;
			files = (
				3FC021FC25FF739A005D85B0 /* ViewController.m in Sources */,
				3FC023452600DC8E005D85B0 /* MMCFuncPublic.m in Sources */,
				3FC021F625FF739A005D85B0 /* AppDelegate.m in Sources */,
				3FC0220725FF739B005D85B0 /* main.m in Sources */,
				3FC021F925FF739A005D85B0 /* SceneDelegate.m in Sources */,
				3FC0231225FF7DE7005D85B0 /* MMCScrollView.m in Sources */,
				3FC0233B2600CD85005D85B0 /* MMCDataModel.m in Sources */,
			);
			runOnlyForDeploymentPostprocessing = 0;
		};
		3FC0220825FF739B005D85B0 /* Sources */ = {
			isa = PBXSourcesBuildPhase;
			buildActionMask = 2147483647;
			files = (
				3FC0221125FF739B005D85B0 /* MTUIScrollViewTests.m in Sources */,
			);
			runOnlyForDeploymentPostprocessing = 0;
		};
		3FC0221325FF739B005D85B0 /* Sources */ = {
			isa = PBXSourcesBuildPhase;
			buildActionMask = 2147483647;
			files = (
				3FC0221C25FF739B005D85B0 /* MTUIScrollViewUITests.m in Sources */,
			);
			runOnlyForDeploymentPostprocessing = 0;
		};
/* End PBXSourcesBuildPhase section */

/* Begin PBXTargetDependency section */
		3FC0220E25FF739B005D85B0 /* PBXTargetDependency */ = {
			isa = PBXTargetDependency;
			target = 3FC021F025FF739A005D85B0 /* MTUIScrollView */;
			targetProxy = 3FC0220D25FF739B005D85B0 /* PBXContainerItemProxy */;
		};
		3FC0221925FF739B005D85B0 /* PBXTargetDependency */ = {
			isa = PBXTargetDependency;
			target = 3FC021F025FF739A005D85B0 /* MTUIScrollView */;
			targetProxy = 3FC0221825FF739B005D85B0 /* PBXContainerItemProxy */;
		};
/* End PBXTargetDependency section */

/* Begin PBXVariantGroup section */
		3FC021FD25FF739A005D85B0 /* Main.storyboard */ = {
			isa = PBXVariantGroup;
			children = (
				3FC021FE25FF739A005D85B0 /* Base */,
			);
			name = Main.storyboard;
			sourceTree = "<group>";
		};
		3FC0220225FF739B005D85B0 /* LaunchScreen.storyboard */ = {
			isa = PBXVariantGroup;
			children = (
				3FC0220325FF739B005D85B0 /* Base */,
			);
			name = LaunchScreen.storyboard;
			sourceTree = "<group>";
		};
/* End PBXVariantGroup section */

/* Begin XCBuildConfiguration section */
		3FC0221E25FF739B005D85B0 /* Debug */ = {
			isa = XCBuildConfiguration;
			buildSettings = {
				ALWAYS_SEARCH_USER_PATHS = NO;
				CLANG_ANALYZER_NONNULL = YES;
				CLANG_ANALYZER_NUMBER_OBJECT_CONVERSION = YES_AGGRESSIVE;
				CLANG_CXX_LANGUAGE_STANDARD = "gnu++14";
				CLANG_CXX_LIBRARY = "libc++";
				CLANG_ENABLE_MODULES = YES;
				CLANG_ENABLE_OBJC_ARC = YES;
				CLANG_ENABLE_OBJC_WEAK = YES;
				CLANG_WARN_BLOCK_CAPTURE_AUTORELEASING = YES;
				CLANG_WARN_BOOL_CONVERSION = YES;
				CLANG_WARN_COMMA = YES;
				CLANG_WARN_CONSTANT_CONVERSION = YES;
				CLANG_WARN_DEPRECATED_OBJC_IMPLEMENTATIONS = YES;
				CLANG_WARN_DIRECT_OBJC_ISA_USAGE = YES_ERROR;
				CLANG_WARN_DOCUMENTATION_COMMENTS = YES;
				CLANG_WARN_EMPTY_BODY = YES;
				CLANG_WARN_ENUM_CONVERSION = YES;
				CLANG_WARN_INFINITE_RECURSION = YES;
				CLANG_WARN_INT_CONVERSION = YES;
				CLANG_WARN_NON_LITERAL_NULL_CONVERSION = YES;
				CLANG_WARN_OBJC_IMPLICIT_RETAIN_SELF = YES;
				CLANG_WARN_OBJC_LITERAL_CONVERSION = YES;
				CLANG_WARN_OBJC_ROOT_CLASS = YES_ERROR;
				CLANG_WARN_QUOTED_INCLUDE_IN_FRAMEWORK_HEADER = YES;
				CLANG_WARN_RANGE_LOOP_ANALYSIS = YES;
				CLANG_WARN_STRICT_PROTOTYPES = YES;
				CLANG_WARN_SUSPICIOUS_MOVE = YES;
				CLANG_WARN_UNGUARDED_AVAILABILITY = YES_AGGRESSIVE;
				CLANG_WARN_UNREACHABLE_CODE = YES;
				CLANG_WARN__DUPLICATE_METHOD_MATCH = YES;
				COPY_PHASE_STRIP = NO;
				DEBUG_INFORMATION_FORMAT = dwarf;
				ENABLE_STRICT_OBJC_MSGSEND = YES;
				ENABLE_TESTABILITY = YES;
				GCC_C_LANGUAGE_STANDARD = gnu11;
				GCC_DYNAMIC_NO_PIC = NO;
				GCC_NO_COMMON_BLOCKS = YES;
				GCC_OPTIMIZATION_LEVEL = 0;
				GCC_PREPROCESSOR_DEFINITIONS = (
					"DEBUG=1",
					"$(inherited)",
				);
				GCC_WARN_64_TO_32_BIT_CONVERSION = YES;
				GCC_WARN_ABOUT_RETURN_TYPE = YES_ERROR;
				GCC_WARN_UNDECLARED_SELECTOR = YES;
				GCC_WARN_UNINITIALIZED_AUTOS = YES_AGGRESSIVE;
				GCC_WARN_UNUSED_FUNCTION = YES;
				GCC_WARN_UNUSED_VARIABLE = YES;
				IPHONEOS_DEPLOYMENT_TARGET = 14.4;
				MTL_ENABLE_DEBUG_INFO = INCLUDE_SOURCE;
				MTL_FAST_MATH = YES;
				ONLY_ACTIVE_ARCH = YES;
				SDKROOT = iphoneos;
			};
			name = Debug;
		};
		3FC0221F25FF739B005D85B0 /* Release */ = {
			isa = XCBuildConfiguration;
			buildSettings = {
				ALWAYS_SEARCH_USER_PATHS = NO;
				CLANG_ANALYZER_NONNULL = YES;
				CLANG_ANALYZER_NUMBER_OBJECT_CONVERSION = YES_AGGRESSIVE;
				CLANG_CXX_LANGUAGE_STANDARD = "gnu++14";
				CLANG_CXX_LIBRARY = "libc++";
				CLANG_ENABLE_MODULES = YES;
				CLANG_ENABLE_OBJC_ARC = YES;
				CLANG_ENABLE_OBJC_WEAK = YES;
				CLANG_WARN_BLOCK_CAPTURE_AUTORELEASING = YES;
				CLANG_WARN_BOOL_CONVERSION = YES;
				CLANG_WARN_COMMA = YES;
				CLANG_WARN_CONSTANT_CONVERSION = YES;
				CLANG_WARN_DEPRECATED_OBJC_IMPLEMENTATIONS = YES;
				CLANG_WARN_DIRECT_OBJC_ISA_USAGE = YES_ERROR;
				CLANG_WARN_DOCUMENTATION_COMMENTS = YES;
				CLANG_WARN_EMPTY_BODY = YES;
				CLANG_WARN_ENUM_CONVERSION = YES;
				CLANG_WARN_INFINITE_RECURSION = YES;
				CLANG_WARN_INT_CONVERSION = YES;
				CLANG_WARN_NON_LITERAL_NULL_CONVERSION = YES;
				CLANG_WARN_OBJC_IMPLICIT_RETAIN_SELF = YES;
				CLANG_WARN_OBJC_LITERAL_CONVERSION = YES;
				CLANG_WARN_OBJC_ROOT_CLASS = YES_ERROR;
				CLANG_WARN_QUOTED_INCLUDE_IN_FRAMEWORK_HEADER = YES;
				CLANG_WARN_RANGE_LOOP_ANALYSIS = YES;
				CLANG_WARN_STRICT_PROTOTYPES = YES;
				CLANG_WARN_SUSPICIOUS_MOVE = YES;
				CLANG_WARN_UNGUARDED_AVAILABILITY = YES_AGGRESSIVE;
				CLANG_WARN_UNREACHABLE_CODE = YES;
				CLANG_WARN__DUPLICATE_METHOD_MATCH = YES;
				COPY_PHASE_STRIP = NO;
				DEBUG_INFORMATION_FORMAT = "dwarf-with-dsym";
				ENABLE_NS_ASSERTIONS = NO;
				ENABLE_STRICT_OBJC_MSGSEND = YES;
				GCC_C_LANGUAGE_STANDARD = gnu11;
				GCC_NO_COMMON_BLOCKS = YES;
				GCC_WARN_64_TO_32_BIT_CONVERSION = YES;
				GCC_WARN_ABOUT_RETURN_TYPE = YES_ERROR;
				GCC_WARN_UNDECLARED_SELECTOR = YES;
				GCC_WARN_UNINITIALIZED_AUTOS = YES_AGGRESSIVE;
				GCC_WARN_UNUSED_FUNCTION = YES;
				GCC_WARN_UNUSED_VARIABLE = YES;
				IPHONEOS_DEPLOYMENT_TARGET = 14.4;
				MTL_ENABLE_DEBUG_INFO = NO;
				MTL_FAST_MATH = YES;
				SDKROOT = iphoneos;
				VALIDATE_PRODUCT = YES;
			};
			name = Release;
		};
		3FC0222125FF739B005D85B0 /* Debug */ = {
			isa = XCBuildConfiguration;
			buildSettings = {
				ASSETCATALOG_COMPILER_APPICON_NAME = AppIcon;
				ASSETCATALOG_COMPILER_GLOBAL_ACCENT_COLOR_NAME = AccentColor;
				CODE_SIGN_STYLE = Automatic;
				INFOPLIST_FILE = MTUIScrollView/Info.plist;
				LD_RUNPATH_SEARCH_PATHS = (
					"$(inherited)",
					"@executable_path/Frameworks",
				);
				PRODUCT_BUNDLE_IDENTIFIER = com.qxs.MTUIScrollView;
				PRODUCT_NAME = "$(TARGET_NAME)";
				TARGETED_DEVICE_FAMILY = "1,2";
			};
			name = Debug;
		};
		3FC0222225FF739B005D85B0 /* Release */ = {
			isa = XCBuildConfiguration;
			buildSettings = {
				ASSETCATALOG_COMPILER_APPICON_NAME = AppIcon;
				ASSETCATALOG_COMPILER_GLOBAL_ACCENT_COLOR_NAME = AccentColor;
				CODE_SIGN_STYLE = Automatic;
				INFOPLIST_FILE = MTUIScrollView/Info.plist;
				LD_RUNPATH_SEARCH_PATHS = (
					"$(inherited)",
					"@executable_path/Frameworks",
				);
				PRODUCT_BUNDLE_IDENTIFIER = com.qxs.MTUIScrollView;
				PRODUCT_NAME = "$(TARGET_NAME)";
				TARGETED_DEVICE_FAMILY = "1,2";
			};
			name = Release;
		};
		3FC0222425FF739B005D85B0 /* Debug */ = {
			isa = XCBuildConfiguration;
			buildSettings = {
				BUNDLE_LOADER = "$(TEST_HOST)";
				CODE_SIGN_STYLE = Automatic;
				INFOPLIST_FILE = MTUIScrollViewTests/Info.plist;
				IPHONEOS_DEPLOYMENT_TARGET = 14.4;
				LD_RUNPATH_SEARCH_PATHS = (
					"$(inherited)",
					"@executable_path/Frameworks",
					"@loader_path/Frameworks",
				);
				PRODUCT_BUNDLE_IDENTIFIER = com.qxs.MTUIScrollViewTests;
				PRODUCT_NAME = "$(TARGET_NAME)";
				TARGETED_DEVICE_FAMILY = "1,2";
				TEST_HOST = "$(BUILT_PRODUCTS_DIR)/MTUIScrollView.app/MTUIScrollView";
			};
			name = Debug;
		};
		3FC0222525FF739B005D85B0 /* Release */ = {
			isa = XCBuildConfiguration;
			buildSettings = {
				BUNDLE_LOADER = "$(TEST_HOST)";
				CODE_SIGN_STYLE = Automatic;
				INFOPLIST_FILE = MTUIScrollViewTests/Info.plist;
				IPHONEOS_DEPLOYMENT_TARGET = 14.4;
				LD_RUNPATH_SEARCH_PATHS = (
					"$(inherited)",
					"@executable_path/Frameworks",
					"@loader_path/Frameworks",
				);
				PRODUCT_BUNDLE_IDENTIFIER = com.qxs.MTUIScrollViewTests;
				PRODUCT_NAME = "$(TARGET_NAME)";
				TARGETED_DEVICE_FAMILY = "1,2";
				TEST_HOST = "$(BUILT_PRODUCTS_DIR)/MTUIScrollView.app/MTUIScrollView";
			};
			name = Release;
		};
		3FC0222725FF739B005D85B0 /* Debug */ = {
			isa = XCBuildConfiguration;
			buildSettings = {
				CODE_SIGN_STYLE = Automatic;
				INFOPLIST_FILE = MTUIScrollViewUITests/Info.plist;
				LD_RUNPATH_SEARCH_PATHS = (
					"$(inherited)",
					"@executable_path/Frameworks",
					"@loader_path/Frameworks",
				);
				PRODUCT_BUNDLE_IDENTIFIER = com.qxs.MTUIScrollViewUITests;
				PRODUCT_NAME = "$(TARGET_NAME)";
				TARGETED_DEVICE_FAMILY = "1,2";
				TEST_TARGET_NAME = MTUIScrollView;
			};
			name = Debug;
		};
		3FC0222825FF739B005D85B0 /* Release */ = {
			isa = XCBuildConfiguration;
			buildSettings = {
				CODE_SIGN_STYLE = Automatic;
				INFOPLIST_FILE = MTUIScrollViewUITests/Info.plist;
				LD_RUNPATH_SEARCH_PATHS = (
					"$(inherited)",
					"@executable_path/Frameworks",
					"@loader_path/Frameworks",
				);
				PRODUCT_BUNDLE_IDENTIFIER = com.qxs.MTUIScrollViewUITests;
				PRODUCT_NAME = "$(TARGET_NAME)";
				TARGETED_DEVICE_FAMILY = "1,2";
				TEST_TARGET_NAME = MTUIScrollView;
			};
			name = Release;
		};
/* End XCBuildConfiguration section */

/* Begin XCConfigurationList section */
		3FC021EC25FF739A005D85B0 /* Build configuration list for PBXProject "MTUIScrollView" */ = {
			isa = XCConfigurationList;
			buildConfigurations = (
				3FC0221E25FF739B005D85B0 /* Debug */,
				3FC0221F25FF739B005D85B0 /* Release */,
			);
			defaultConfigurationIsVisible = 0;
			defaultConfigurationName = Release;
		};
		3FC0222025FF739B005D85B0 /* Build configuration list for PBXNativeTarget "MTUIScrollView" */ = {
			isa = XCConfigurationList;
			buildConfigurations = (
				3FC0222125FF739B005D85B0 /* Debug */,
				3FC0222225FF739B005D85B0 /* Release */,
			);
			defaultConfigurationIsVisible = 0;
			defaultConfigurationName = Release;
		};
		3FC0222325FF739B005D85B0 /* Build configuration list for PBXNativeTarget "MTUIScrollViewTests" */ = {
			isa = XCConfigurationList;
			buildConfigurations = (
				3FC0222425FF739B005D85B0 /* Debug */,
				3FC0222525FF739B005D85B0 /* Release */,
			);
			defaultConfigurationIsVisible = 0;
			defaultConfigurationName = Release;
		};
		3FC0222625FF739B005D85B0 /* Build configuration list for PBXNativeTarget "MTUIScrollViewUITests" */ = {
			isa = XCConfigurationList;
			buildConfigurations = (
				3FC0222725FF739B005D85B0 /* Debug */,
				3FC0222825FF739B005D85B0 /* Release */,
			);
			defaultConfigurationIsVisible = 0;
			defaultConfigurationName = Release;
		};
/* End XCConfigurationList section */
	};
	rootObject = 3FC021E925FF739A005D85B0 /* Project object */;
}
